
Microsoft Visual Studio Solution File, Format Version 12.00
# Visual Studio Version 16
VisualStudioVersion = 16.0.31313.79
MinimumVisualStudioVersion = 10.0.40219.1
Project("{9A19103F-16F7-4668-BE54-9A1E7A4F7556}") = "Geerten.MovementLib", "MovementLib\Geerten.MovementLib.csproj", "{C64B688E-F0E8-4792-8467-30C0D89F0288}"
EndProject
Project("{2150E333-8FDC-42A3-9474-1A3956D46DE8}") = "workflows", "workflows", "{1F771233-CD15-4D4E-B6B2-BE38A2B09D16}"
	ProjectSection(SolutionItems) = preProject
		.github\workflows\ci.yml = .github\workflows\ci.yml
		.github\workflows\publishPackages.yml = .github\workflows\publishPackages.yml
	EndProjectSection
EndProject
Global
	GlobalSection(SolutionConfigurationPlatforms) = preSolution
		Debug|Any CPU = Debug|Any CPU
		Release|Any CPU = Release|Any CPU
	EndGlobalSection
	GlobalSection(ProjectConfigurationPlatforms) = postSolution
		{C64B688E-F0E8-4792-8467-30C0D89F0288}.Debug|Any CPU.ActiveCfg = Debug|Any CPU
		{C64B688E-F0E8-4792-8467-30C0D89F0288}.Debug|Any CPU.Build.0 = Debug|Any CPU
		{C64B688E-F0E8-4792-8467-30C0D89F0288}.Release|Any CPU.ActiveCfg = Release|Any CPU
		{C64B688E-F0E8-4792-8467-30C0D89F0288}.Release|Any CPU.Build.0 = Release|Any CPU
	EndGlobalSection
	GlobalSection(SolutionProperties) = preSolution
		HideSolutionNode = FALSE
	EndGlobalSection
	GlobalSection(ExtensibilityGlobals) = postSolution
		SolutionGuid = {D3755CC5-E818-44C7-AC66-DE79C1468C45}
	EndGlobalSection
EndGlobal
